
Microsoft Visual Studio Solution File, Format Version 12.00
# Visual Studio Version 16
VisualStudioVersion = 16.0.31624.102
MinimumVisualStudioVersion = 10.0.40219.1
Project("{FAE04EC0-301F-11D3-BF4B-00C04F79EFBC}") = "calc", "calc\calc.csproj", "{23EE23DA-60B7-436E-BB06-12AFFC03E8AE}"
EndProject
Global
	GlobalSection(SolutionConfigurationPlatforms) = preSolution
		Debug|Any CPU = Debug|Any CPU
		Release|Any CPU = Release|Any CPU
	EndGlobalSection
	GlobalSection(ProjectConfigurationPlatforms) = postSolution
		{23EE23DA-60B7-436E-BB06-12AFFC03E8AE}.Debug|Any CPU.ActiveCfg = Debug|Any CPU
		{23EE23DA-60B7-436E-BB06-12AFFC03E8AE}.Debug|Any CPU.Build.0 = Debug|Any CPU
		{23EE23DA-60B7-436E-BB06-12AFFC03E8AE}.Release|Any CPU.ActiveCfg = Release|Any CPU
		{23EE23DA-60B7-436E-BB06-12AFFC03E8AE}.Release|Any CPU.Build.0 = Release|Any CPU
	EndGlobalSection
	GlobalSection(SolutionProperties) = preSolution
		HideSolutionNode = FALSE
	EndGlobalSection
	GlobalSection(ExtensibilityGlobals) = postSolution
		SolutionGuid = {7DB35F06-6283-4B48-B83C-BC9438737F1B}
	EndGlobalSection
EndGlobal
