
Microsoft Visual Studio Solution File, Format Version 12.00
# Visual Studio Version 16
VisualStudioVersion = 16.0.31624.102
MinimumVisualStudioVersion = 10.0.40219.1
Project("{FAE04EC0-301F-11D3-BF4B-00C04F79EFBC}") = "oops", "oops\oops.csproj", "{170DA48B-9E08-4897-BF63-9E1EAA14BF18}"
EndProject
Global
	GlobalSection(SolutionConfigurationPlatforms) = preSolution
		Debug|Any CPU = Debug|Any CPU
		Release|Any CPU = Release|Any CPU
	EndGlobalSection
	GlobalSection(ProjectConfigurationPlatforms) = postSolution
		{170DA48B-9E08-4897-BF63-9E1EAA14BF18}.Debug|Any CPU.ActiveCfg = Debug|Any CPU
		{170DA48B-9E08-4897-BF63-9E1EAA14BF18}.Debug|Any CPU.Build.0 = Debug|Any CPU
		{170DA48B-9E08-4897-BF63-9E1EAA14BF18}.Release|Any CPU.ActiveCfg = Release|Any CPU
		{170DA48B-9E08-4897-BF63-9E1EAA14BF18}.Release|Any CPU.Build.0 = Release|Any CPU
	EndGlobalSection
	GlobalSection(SolutionProperties) = preSolution
		HideSolutionNode = FALSE
	EndGlobalSection
	GlobalSection(ExtensibilityGlobals) = postSolution
		SolutionGuid = {EEAF290D-8526-4C49-AACE-3EEB7C5A3FAF}
	EndGlobalSection
EndGlobal
